
Microsoft Visual Studio Solution File, Format Version 12.00
# Visual Studio 2013
VisualStudioVersion = 12.0.40629.0
MinimumVisualStudioVersion = 10.0.40219.1
Project("{FAE04EC0-301F-11D3-BF4B-00C04F79EFBC}") = "GameRealTime", "GameRealTime\GameRealTime.csproj", "{C8630577-1246-461A-A2BC-530C49C4581C}"
EndProject
Project("{FAE04EC0-301F-11D3-BF4B-00C04F79EFBC}") = "Infrastructure", "Infrastructure\Infrastructure.csproj", "{8633B755-AD7A-40C9-BFEC-489125EAD1E2}"
EndProject
Project("{FAE04EC0-301F-11D3-BF4B-00C04F79EFBC}") = "EscaleraGame", "EscaleraGame\EscaleraGame.csproj", "{FF34352E-B716-45FD-9C83-6E08807AFA4D}"
EndProject
Global
	GlobalSection(SolutionConfigurationPlatforms) = preSolution
		Debug|Any CPU = Debug|Any CPU
		Release|Any CPU = Release|Any CPU
	EndGlobalSection
	GlobalSection(ProjectConfigurationPlatforms) = postSolution
		{C8630577-1246-461A-A2BC-530C49C4581C}.Debug|Any CPU.ActiveCfg = Debug|Any CPU
		{C8630577-1246-461A-A2BC-530C49C4581C}.Debug|Any CPU.Build.0 = Debug|Any CPU
		{C8630577-1246-461A-A2BC-530C49C4581C}.Release|Any CPU.ActiveCfg = Release|Any CPU
		{C8630577-1246-461A-A2BC-530C49C4581C}.Release|Any CPU.Build.0 = Release|Any CPU
		{8633B755-AD7A-40C9-BFEC-489125EAD1E2}.Debug|Any CPU.ActiveCfg = Debug|Any CPU
		{8633B755-AD7A-40C9-BFEC-489125EAD1E2}.Debug|Any CPU.Build.0 = Debug|Any CPU
		{8633B755-AD7A-40C9-BFEC-489125EAD1E2}.Release|Any CPU.ActiveCfg = Release|Any CPU
		{8633B755-AD7A-40C9-BFEC-489125EAD1E2}.Release|Any CPU.Build.0 = Release|Any CPU
		{FF34352E-B716-45FD-9C83-6E08807AFA4D}.Debug|Any CPU.ActiveCfg = Debug|Any CPU
		{FF34352E-B716-45FD-9C83-6E08807AFA4D}.Debug|Any CPU.Build.0 = Debug|Any CPU
		{FF34352E-B716-45FD-9C83-6E08807AFA4D}.Release|Any CPU.ActiveCfg = Release|Any CPU
		{FF34352E-B716-45FD-9C83-6E08807AFA4D}.Release|Any CPU.Build.0 = Release|Any CPU
	EndGlobalSection
	GlobalSection(SolutionProperties) = preSolution
		HideSolutionNode = FALSE
	EndGlobalSection
EndGlobal
